PODS:
  - CareKit (1.2.1)
  - KeychainAccess (3.1.0)
  - Kinvey (3.10.0):
    - KeychainAccess (~> 3.0)
    - ObjectMapper (~> 2.0)
    - PromiseKit (~> 4.0)
    - PubNub (~> 4.0)
    - Realm (~> 2.0)
    - RealmSwift (~> 2.0)
    - XCGLogger (~> 4.0.0)
  - ObjectMapper (2.2.9)
  - PromiseKit (4.5.0):
    - PromiseKit/Foundation (= 4.5.0)
    - PromiseKit/QuartzCore (= 4.5.0)
    - PromiseKit/UIKit (= 4.5.0)
  - PromiseKit/CorePromise (4.5.0)
  - PromiseKit/Foundation (4.5.0):
    - PromiseKit/CorePromise
  - PromiseKit/QuartzCore (4.5.0):
    - PromiseKit/CorePromise
  - PromiseKit/UIKit (4.5.0):
    - PromiseKit/CorePromise
  - PubNub (4.7.4):
    - PubNub/Core (= 4.7.4)
  - PubNub/Core (4.7.4)
  - Realm (2.10.2):
    - Realm/Headers (= 2.10.2)
  - Realm/Headers (2.10.2)
  - RealmSwift (2.10.2):
    - Realm (= 2.10.2)
  - XCGLogger (4.0.0):
    - XCGLogger/Core (= 4.0.0)
  - XCGLogger/Core (4.0.0)

DEPENDENCIES:
  - CareKit
  - Kinvey

SPEC CHECKSUMS:
  CareKit: aa0c8a57c1a2d7cfb46ff3981fe1503f02ca302e
  KeychainAccess: 94c5540b32eabf7bc32bfb976a268e8ea05fd6da
  Kinvey: 3b8973320a9493870248548f7e0c6f38643c4bb1
  ObjectMapper: 63cfe41bc6f8e7c8f44344c49901b8ae7de14c52
  PromiseKit: 9c1d9f6d7b65e3951a90bea7f407c56972be5d8e
  PubNub: de3a84200472d2fadfc7cf79622444a837a24b42
  Realm: 0ef72b837fb67e9f4b098bac771ddd72c7fdbb69
  RealmSwift: 07a9ae0505091eda6b2ee7c190c3786d6e90a7b0
  XCGLogger: 38063ea89b4c8b23232d18efd2e12eb0005f3ea4

PODFILE CHECKSUM: 0b8faf5c7b176ccd7357e1b3bc250237303eb960

COCOAPODS: 1.4.0.beta.2
